// !$*UTF8*$!
{
	archiveVersion = 1;
	classes = {
	};
	objectVersion = 77;
	objects = {

/* Begin PBXBuildFile section */
		2A1CC6C32F3E7B5A0091FA4D /* Ruby.framework in Frameworks */ = {isa = PBXBuildFile; fileRef = 2A1CC6C12F3E7B520091FA4D /* Ruby.framework */; };
		2A1CC6C42F3E7B5A0091FA4D /* Ruby.framework in Embed Frameworks */ = {isa = PBXBuildFile; fileRef = 2A1CC6C12F3E7B520091FA4D /* Ruby.framework */; settings = {ATTRIBUTES = (CodeSignOnCopy, RemoveHeadersOnCopy, ); }; };
		2A1CC6C62F3E7B5D0091FA4D /* AppKit.framework in Frameworks */ = {isa = PBXBuildFile; fileRef = 2A1CC6BF2F3E7B250091FA4D /* AppKit.framework */; };
		2A1CC6C72F3E7B5D0091FA4D /* AppKit.framework in Embed Frameworks */ = {isa = PBXBuildFile; fileRef = 2A1CC6BF2F3E7B250091FA4D /* AppKit.framework */; settings = {ATTRIBUTES = (CodeSignOnCopy, RemoveHeadersOnCopy, ); }; };
/* End PBXBuildFile section */

/* Begin PBXContainerItemProxy section */
		2A1CC6A22F3E7AEC0091FA4D /* PBXContainerItemProxy */ = {
			isa = PBXContainerItemProxy;
			containerPortal = 2A1CC6872F3E7AE30091FA4D /* Project object */;
			proxyType = 1;
			remoteGlobalIDString = 2A1CC68E2F3E7AE30091FA4D;
			remoteInfo = "LLVM Bundle";
		};
		2A1CC6AC2F3E7AEC0091FA4D /* PBXContainerItemProxy */ = {
			isa = PBXContainerItemProxy;
			containerPortal = 2A1CC6872F3E7AE30091FA4D /* Project object */;
			proxyType = 1;
			remoteGlobalIDString = 2A1CC68E2F3E7AE30091FA4D;
			remoteInfo = "LLVM Bundle";
		};
/* End PBXContainerItemProxy section */

/* Begin PBXCopyFilesBuildPhase section */
		2A1CC6C52F3E7B5A0091FA4D /* Embed Frameworks */ = {
			isa = PBXCopyFilesBuildPhase;
			buildActionMask = 2147483647;
			dstPath = "";
			dstSubfolderSpec = 10;
			files = (
				2A1CC6C42F3E7B5A0091FA4D /* Ruby.framework in Embed Frameworks */,
				2A1CC6C72F3E7B5D0091FA4D /* AppKit.framework in Embed Frameworks */,
			);
			name = "Embed Frameworks";
			runOnlyForDeploymentPostprocessing = 0;
		};
/* End PBXCopyFilesBuildPhase section */

/* Begin PBXFileReference section */
		2A1CC68F2F3E7AE30091FA4D /* LLVM Bundle.app */ = {isa = PBXFileReference; explicitFileType = wrapper.application; includeInIndex = 0; path = "LLVM Bundle.app"; sourceTree = BUILT_PRODUCTS_DIR; };
		2A1CC6A12F3E7AEC0091FA4D /* LLVM BundleTests.xctest */ = {isa = PBXFileReference; explicitFileType = wrapper.cfbundle; includeInIndex = 0; path = "LLVM BundleTests.xctest"; sourceTree = BUILT_PRODUCTS_DIR; };
		2A1CC6AB2F3E7AEC0091FA4D /* LLVM BundleUITests.xctest */ = {isa = PBXFileReference; explicitFileType = wrapper.cfbundle; includeInIndex = 0; path = "LLVM BundleUITests.xctest"; sourceTree = BUILT_PRODUCTS_DIR; };
		2A1CC6BF2F3E7B250091FA4D /* AppKit.framework */ = {isa = PBXFileReference; lastKnownFileType = wrapper.framework; name = AppKit.framework; path = System/Library/Frameworks/AppKit.framework; sourceTree = SDKROOT; };
		2A1CC6C12F3E7B520091FA4D /* Ruby.framework */ = {isa = PBXFileReference; lastKnownFileType = wrapper.framework; name = Ruby.framework; path = System/Library/Frameworks/Ruby.framework; sourceTree = SDKROOT; };
/* End PBXFileReference section */

/* Begin PBXFileSystemSynchronizedRootGroup section */
		2A1CC6912F3E7AE30091FA4D /* LLVM Bundle */ = {
			isa = PBXFileSystemSynchronizedRootGroup;
			path = "LLVM Bundle";
			sourceTree = "<group>";
		};
		2A1CC6A42F3E7AEC0091FA4D /* LLVM BundleTests */ = {
			isa = PBXFileSystemSynchronizedRootGroup;
			path = "LLVM BundleTests";
			sourceTree = "<group>";
		};
		2A1CC6AE2F3E7AEC0091FA4D /* LLVM BundleUITests */ = {
			isa = PBXFileSystemSynchronizedRootGroup;
			path = "LLVM BundleUITests";
			sourceTree = "<group>";
		};
/* End PBXFileSystemSynchronizedRootGroup section */

/* Begin PBXFrameworksBuildPhase section */
		2A1CC68C2F3E7AE30091FA4D /* Frameworks */ = {
			isa = PBXFrameworksBuildPhase;
			buildActionMask = 2147483647;
			files = (
				2A1CC6C32F3E7B5A0091FA4D /* Ruby.framework in Frameworks */,
				2A1CC6C62F3E7B5D0091FA4D /* AppKit.framework in Frameworks */,
			);
			runOnlyForDeploymentPostprocessing = 0;
		};
		2A1CC69E2F3E7AEC0091FA4D /* Frameworks */ = {
			isa = PBXFrameworksBuildPhase;
			buildActionMask = 2147483647;
			files = (
			);
			runOnlyForDeploymentPostprocessing = 0;
		};
		2A1CC6A82F3E7AEC0091FA4D /* Frameworks */ = {
			isa = PBXFrameworksBuildPhase;
			buildActionMask = 2147483647;
			files = (
			);
			runOnlyForDeploymentPostprocessing = 0;
		};
/* End PBXFrameworksBuildPhase section */

/* Begin PBXGroup section */
		2A1CC6862F3E7AE30091FA4D = {
			isa = PBXGroup;
			children = (
				2A1CC6912F3E7AE30091FA4D /* LLVM Bundle */,
				2A1CC6A42F3E7AEC0091FA4D /* LLVM BundleTests */,
				2A1CC6AE2F3E7AEC0091FA4D /* LLVM BundleUITests */,
				2A1CC6BE2F3E7B200091FA4D /* Frameworks */,
				2A1CC6902F3E7AE30091FA4D /* Products */,
			);
			sourceTree = "<group>";
		};
		2A1CC6902F3E7AE30091FA4D /* Products */ = {
			isa = PBXGroup;
			children = (
				2A1CC68F2F3E7AE30091FA4D /* LLVM Bundle.app */,
				2A1CC6A12F3E7AEC0091FA4D /* LLVM BundleTests.xctest */,
				2A1CC6AB2F3E7AEC0091FA4D /* LLVM BundleUITests.xctest */,
			);
			name = Products;
			sourceTree = "<group>";
		};
		2A1CC6BE2F3E7B200091FA4D /* Frameworks */ = {
			isa = PBXGroup;
			children = (
				2A1CC6C12F3E7B520091FA4D /* Ruby.framework */,
				2A1CC6BF2F3E7B250091FA4D /* AppKit.framework */,
			);
			name = Frameworks;
			sourceTree = "<group>";
		};
/* End PBXGroup section */

/* Begin PBXNativeTarget section */
		2A1CC68E2F3E7AE30091FA4D /* LLVM Bundle */ = {
			isa = PBXNativeTarget;
			buildConfigurationList = 2A1CC6B52F3E7AEC0091FA4D /* Build configuration list for PBXNativeTarget "LLVM Bundle" */;
			buildPhases = (
				2A1CC68B2F3E7AE30091FA4D /* Sources */,
				2A1CC68C2F3E7AE30091FA4D /* Frameworks */,
				2A1CC68D2F3E7AE30091FA4D /* Resources */,
				2A1CC6C52F3E7B5A0091FA4D /* Embed Frameworks */,
			);
			buildRules = (
			);
			dependencies = (
			);
			fileSystemSynchronizedGroups = (
				2A1CC6912F3E7AE30091FA4D /* LLVM Bundle */,
			);
			name = "LLVM Bundle";
			packageProductDependencies = (
			);
			productName = "LLVM Bundle";
			productReference = 2A1CC68F2F3E7AE30091FA4D /* LLVM Bundle.app */;
			productType = "com.apple.product-type.application";
		};
		2A1CC6A02F3E7AEC0091FA4D /* LLVM BundleTests */ = {
			isa = PBXNativeTarget;
			buildConfigurationList = 2A1CC6B82F3E7AEC0091FA4D /* Build configuration list for PBXNativeTarget "LLVM BundleTests" */;
			buildPhases = (
				2A1CC69D2F3E7AEC0091FA4D /* Sources */,
				2A1CC69E2F3E7AEC0091FA4D /* Frameworks */,
				2A1CC69F2F3E7AEC0091FA4D /* Resources */,
			);
			buildRules = (
			);
			dependencies = (
				2A1CC6A32F3E7AEC0091FA4D /* PBXTargetDependency */,
			);
			fileSystemSynchronizedGroups = (
				2A1CC6A42F3E7AEC0091FA4D /* LLVM BundleTests */,
			);
			name = "LLVM BundleTests";
			packageProductDependencies = (
			);
			productName = "LLVM BundleTests";
			productReference = 2A1CC6A12F3E7AEC0091FA4D /* LLVM BundleTests.xctest */;
			productType = "com.apple.product-type.bundle.unit-test";
		};
		2A1CC6AA2F3E7AEC0091FA4D /* LLVM BundleUITests */ = {
			isa = PBXNativeTarget;
			buildConfigurationList = 2A1CC6BB2F3E7AEC0091FA4D /* Build configuration list for PBXNativeTarget "LLVM BundleUITests" */;
			buildPhases = (
				2A1CC6A72F3E7AEC0091FA4D /* Sources */,
				2A1CC6A82F3E7AEC0091FA4D /* Frameworks */,
				2A1CC6A92F3E7AEC0091FA4D /* Resources */,
			);
			buildRules = (
			);
			dependencies = (
				2A1CC6AD2F3E7AEC0091FA4D /* PBXTargetDependency */,
			);
			fileSystemSynchronizedGroups = (
				2A1CC6AE2F3E7AEC0091FA4D /* LLVM BundleUITests */,
			);
			name = "LLVM BundleUITests";
			packageProductDependencies = (
			);
			productName = "LLVM BundleUITests";
			productReference = 2A1CC6AB2F3E7AEC0091FA4D /* LLVM BundleUITests.xctest */;
			productType = "com.apple.product-type.bundle.ui-testing";
		};
/* End PBXNativeTarget section */

/* Begin PBXProject section */
		2A1CC6872F3E7AE30091FA4D /* Project object */ = {
			isa = PBXProject;
			attributes = {
				BuildIndependentTargetsInParallel = 1;
				LastUpgradeCheck = 1620;
				TargetAttributes = {
					2A1CC68E2F3E7AE30091FA4D = {
						CreatedOnToolsVersion = 16.2;
					};
					2A1CC6A02F3E7AEC0091FA4D = {
						CreatedOnToolsVersion = 16.2;
						TestTargetID = 2A1CC68E2F3E7AE30091FA4D;
					};
					2A1CC6AA2F3E7AEC0091FA4D = {
						CreatedOnToolsVersion = 16.2;
						TestTargetID = 2A1CC68E2F3E7AE30091FA4D;
					};
				};
			};
			buildConfigurationList = 2A1CC68A2F3E7AE30091FA4D /* Build configuration list for PBXProject "LLVM Bundle" */;
			developmentRegion = en;
			hasScannedForEncodings = 0;
			knownRegions = (
				en,
				Base,
			);
			mainGroup = 2A1CC6862F3E7AE30091FA4D;
			minimizedProjectReferenceProxies = 1;
			preferredProjectObjectVersion = 77;
			productRefGroup = 2A1CC6902F3E7AE30091FA4D /* Products */;
			projectDirPath = "";
			projectRoot = "";
			targets = (
				2A1CC68E2F3E7AE30091FA4D /* LLVM Bundle */,
				2A1CC6A02F3E7AEC0091FA4D /* LLVM BundleTests */,
				2A1CC6AA2F3E7AEC0091FA4D /* LLVM BundleUITests */,
			);
		};
/* End PBXProject section */

/* Begin PBXResourcesBuildPhase section */
		2A1CC68D2F3E7AE30091FA4D /* Resources */ = {
			isa = PBXResourcesBuildPhase;
			buildActionMask = 2147483647;
			files = (
			);
			runOnlyForDeploymentPostprocessing = 0;
		};
		2A1CC69F2F3E7AEC0091FA4D /* Resources */ = {
			isa = PBXResourcesBuildPhase;
			buildActionMask = 2147483647;
			files = (
			);
			runOnlyForDeploymentPostprocessing = 0;
		};
		2A1CC6A92F3E7AEC0091FA4D /* Resources */ = {
			isa = PBXResourcesBuildPhase;
			buildActionMask = 2147483647;
			files = (
			);
			runOnlyForDeploymentPostprocessing = 0;
		};
/* End PBXResourcesBuildPhase section */

/* Begin PBXSourcesBuildPhase section */
		2A1CC68B2F3E7AE30091FA4D /* Sources */ = {
			isa = PBXSourcesBuildPhase;
			buildActionMask = 2147483647;
			files = (
			);
			runOnlyForDeploymentPostprocessing = 0;
		};
		2A1CC69D2F3E7AEC0091FA4D /* Sources */ = {
			isa = PBXSourcesBuildPhase;
			buildActionMask = 2147483647;
			files = (
			);
			runOnlyForDeploymentPostprocessing = 0;
		};
		2A1CC6A72F3E7AEC0091FA4D /* Sources */ = {
			isa = PBXSourcesBuildPhase;
			buildActionMask = 2147483647;
			files = (
			);
			runOnlyForDeploymentPostprocessing = 0;
		};
/* End PBXSourcesBuildPhase section */

/* Begin PBXTargetDependency section */
		2A1CC6A32F3E7AEC0091FA4D /* PBXTargetDependency */ = {
			isa = PBXTargetDependency;
			target = 2A1CC68E2F3E7AE30091FA4D /* LLVM Bundle */;
			targetProxy = 2A1CC6A22F3E7AEC0091FA4D /* PBXContainerItemProxy */;
		};
		2A1CC6AD2F3E7AEC0091FA4D /* PBXTargetDependency */ = {
			isa = PBXTargetDependency;
			target = 2A1CC68E2F3E7AE30091FA4D /* LLVM Bundle */;
			targetProxy = 2A1CC6AC2F3E7AEC0091FA4D /* PBXContainerItemProxy */;
		};
/* End PBXTargetDependency section */

/* Begin XCBuildConfiguration section */
		2A1CC6B32F3E7AEC0091FA4D /* Debug */ = {
			isa = XCBuildConfiguration;
			buildSettings = {
				ALWAYS_SEARCH_USER_PATHS = NO;
				ASSETCATALOG_COMPILER_GENERATE_SWIFT_ASSET_SYMBOL_EXTENSIONS = YES;
				CLANG_ANALYZER_NONNULL = YES;
				CLANG_ANALYZER_NUMBER_OBJECT_CONVERSION = YES_AGGRESSIVE;
				CLANG_CXX_LANGUAGE_STANDARD = "gnu++20";
				CLANG_ENABLE_MODULES = YES;
				CLANG_ENABLE_OBJC_ARC = YES;
				CLANG_ENABLE_OBJC_WEAK = YES;
				CLANG_WARN_BLOCK_CAPTURE_AUTORELEASING = YES;
				CLANG_WARN_BOOL_CONVERSION = YES;
				CLANG_WARN_COMMA = YES;
				CLANG_WARN_CONSTANT_CONVERSION = YES;
				CLANG_WARN_DEPRECATED_OBJC_IMPLEMENTATIONS = YES;
				CLANG_WARN_DIRECT_OBJC_ISA_USAGE = YES_ERROR;
				CLANG_WARN_DOCUMENTATION_COMMENTS = YES;
				CLANG_WARN_EMPTY_BODY = YES;
				CLANG_WARN_ENUM_CONVERSION = YES;
				CLANG_WARN_INFINITE_RECURSION = YES;
				CLANG_WARN_INT_CONVERSION = YES;
				CLANG_WARN_NON_LITERAL_NULL_CONVERSION = YES;
				CLANG_WARN_OBJC_IMPLICIT_RETAIN_SELF = YES;
				CLANG_WARN_OBJC_LITERAL_CONVERSION = YES;
				CLANG_WARN_OBJC_ROOT_CLASS = YES_ERROR;
				CLANG_WARN_QUOTED_INCLUDE_IN_FRAMEWORK_HEADER = YES;
				CLANG_WARN_RANGE_LOOP_ANALYSIS = YES;
				CLANG_WARN_STRICT_PROTOTYPES = YES;
				CLANG_WARN_SUSPICIOUS_MOVE = YES;
				CLANG_WARN_UNGUARDED_AVAILABILITY = YES_AGGRESSIVE;
				CLANG_WARN_UNREACHABLE_CODE = YES;
				CLANG_WARN__DUPLICATE_METHOD_MATCH = YES;
				COPY_PHASE_STRIP = NO;
				DEBUG_INFORMATION_FORMAT = dwarf;
				ENABLE_STRICT_OBJC_MSGSEND = YES;
				ENABLE_TESTABILITY = YES;
				ENABLE_USER_SCRIPT_SANDBOXING = YES;
				GCC_C_LANGUAGE_STANDARD = gnu17;
				GCC_DYNAMIC_NO_PIC = NO;
				GCC_NO_COMMON_BLOCKS = YES;
				GCC_OPTIMIZATION_LEVEL = 0;
				GCC_PREPROCESSOR_DEFINITIONS = (
					"DEBUG=1",
					"$(inherited)",
				);
				GCC_WARN_64_TO_32_BIT_CONVERSION = YES;
				GCC_WARN_ABOUT_RETURN_TYPE = YES_ERROR;
				GCC_WARN_UNDECLARED_SELECTOR = YES;
				GCC_WARN_UNINITIALIZED_AUTOS = YES_AGGRESSIVE;
				GCC_WARN_UNUSED_FUNCTION = YES;
				GCC_WARN_UNUSED_VARIABLE = YES;
				LOCALIZATION_PREFERS_STRING_CATALOGS = YES;
				MACOSX_DEPLOYMENT_TARGET = 14.8;
				MTL_ENABLE_DEBUG_INFO = INCLUDE_SOURCE;
				MTL_FAST_MATH = YES;
				ONLY_ACTIVE_ARCH = YES;
				SDKROOT = macosx;
			};
			name = Debug;
		};
		2A1CC6B42F3E7AEC0091FA4D /* Release */ = {
			isa = XCBuildConfiguration;
			buildSettings = {
				ALWAYS_SEARCH_USER_PATHS = NO;
				ASSETCATALOG_COMPILER_GENERATE_SWIFT_ASSET_SYMBOL_EXTENSIONS = YES;
				CLANG_ANALYZER_NONNULL = YES;
				CLANG_ANALYZER_NUMBER_OBJECT_CONVERSION = YES_AGGRESSIVE;
				CLANG_CXX_LANGUAGE_STANDARD = "gnu++20";
				CLANG_ENABLE_MODULES = YES;
				CLANG_ENABLE_OBJC_ARC = YES;
				CLANG_ENABLE_OBJC_WEAK = YES;
				CLANG_WARN_BLOCK_CAPTURE_AUTORELEASING = YES;
				CLANG_WARN_BOOL_CONVERSION = YES;
				CLANG_WARN_COMMA = YES;
				CLANG_WARN_CONSTANT_CONVERSION = YES;
				CLANG_WARN_DEPRECATED_OBJC_IMPLEMENTATIONS = YES;
				CLANG_WARN_DIRECT_OBJC_ISA_USAGE = YES_ERROR;
				CLANG_WARN_DOCUMENTATION_COMMENTS = YES;
				CLANG_WARN_EMPTY_BODY = YES;
				CLANG_WARN_ENUM_CONVERSION = YES;
				CLANG_WARN_INFINITE_RECURSION = YES;
				CLANG_WARN_INT_CONVERSION = YES;
				CLANG_WARN_NON_LITERAL_NULL_CONVERSION = YES;
				CLANG_WARN_OBJC_IMPLICIT_RETAIN_SELF = YES;
				CLANG_WARN_OBJC_LITERAL_CONVERSION = YES;
				CLANG_WARN_OBJC_ROOT_CLASS = YES_ERROR;
				CLANG_WARN_QUOTED_INCLUDE_IN_FRAMEWORK_HEADER = YES;
				CLANG_WARN_RANGE_LOOP_ANALYSIS = YES;
				CLANG_WARN_STRICT_PROTOTYPES = YES;
				CLANG_WARN_SUSPICIOUS_MOVE = YES;
				CLANG_WARN_UNGUARDED_AVAILABILITY = YES_AGGRESSIVE;
				CLANG_WARN_UNREACHABLE_CODE = YES;
				CLANG_WARN__DUPLICATE_METHOD_MATCH = YES;
				COPY_PHASE_STRIP = NO;
				DEBUG_INFORMATION_FORMAT = "dwarf-with-dsym";
				ENABLE_NS_ASSERTIONS = NO;
				ENABLE_STRICT_OBJC_MSGSEND = YES;
				ENABLE_USER_SCRIPT_SANDBOXING = YES;
				GCC_C_LANGUAGE_STANDARD = gnu17;
				GCC_NO_COMMON_BLOCKS = YES;
				GCC_WARN_64_TO_32_BIT_CONVERSION = YES;
				GCC_WARN_ABOUT_RETURN_TYPE = YES_ERROR;
				GCC_WARN_UNDECLARED_SELECTOR = YES;
				GCC_WARN_UNINITIALIZED_AUTOS = YES_AGGRESSIVE;
				GCC_WARN_UNUSED_FUNCTION = YES;
				GCC_WARN_UNUSED_VARIABLE = YES;
				LOCALIZATION_PREFERS_STRING_CATALOGS = YES;
				MACOSX_DEPLOYMENT_TARGET = 14.8;
				MTL_ENABLE_DEBUG_INFO = NO;
				MTL_FAST_MATH = YES;
				SDKROOT = macosx;
			};
			name = Release;
		};
		2A1CC6B62F3E7AEC0091FA4D /* Debug */ = {
			isa = XCBuildConfiguration;
			buildSettings = {
				ASSETCATALOG_COMPILER_APPICON_NAME = AppIcon;
				ASSETCATALOG_COMPILER_GLOBAL_ACCENT_COLOR_NAME = AccentColor;
				CODE_SIGN_ENTITLEMENTS = "LLVM Bundle/LLVM_Bundle.entitlements";
				CODE_SIGN_STYLE = Automatic;
				COMBINE_HIDPI_IMAGES = YES;
				CURRENT_PROJECT_VERSION = 1;
				GENERATE_INFOPLIST_FILE = YES;
				INFOPLIST_KEY_CFBundleDisplayName = "LLVM Tools for Darwin";
				INFOPLIST_KEY_LSApplicationCategoryType = "public.app-category.developer-tools";
				INFOPLIST_KEY_NSHumanReadableCopyright = "";
				INFOPLIST_KEY_NSMainNibFile = MainMenu;
				INFOPLIST_KEY_NSPrincipalClass = NSApplication;
				LD_RUNPATH_SEARCH_PATHS = (
					"$(inherited)",
					"@executable_path/../Frameworks",
				);
				MARKETING_VERSION = 1.0;
				PRODUCT_BUNDLE_IDENTIFIER = "org.pockerdarwin.LLVM-Bundle";
				PRODUCT_NAME = "$(TARGET_NAME)";
				SWIFT_EMIT_LOC_STRINGS = YES;
			};
			name = Debug;
		};
		2A1CC6B72F3E7AEC0091FA4D /* Release */ = {
			isa = XCBuildConfiguration;
			buildSettings = {
				ASSETCATALOG_COMPILER_APPICON_NAME = AppIcon;
				ASSETCATALOG_COMPILER_GLOBAL_ACCENT_COLOR_NAME = AccentColor;
				CODE_SIGN_ENTITLEMENTS = "LLVM Bundle/LLVM_Bundle.entitlements";
				CODE_SIGN_STYLE = Automatic;
				COMBINE_HIDPI_IMAGES = YES;
				CURRENT_PROJECT_VERSION = 1;
				GENERATE_INFOPLIST_FILE = YES;
				INFOPLIST_KEY_CFBundleDisplayName = "LLVM Tools for Darwin";
				INFOPLIST_KEY_LSApplicationCategoryType = "public.app-category.developer-tools";
				INFOPLIST_KEY_NSHumanReadableCopyright = "";
				INFOPLIST_KEY_NSMainNibFile = MainMenu;
				INFOPLIST_KEY_NSPrincipalClass = NSApplication;
				LD_RUNPATH_SEARCH_PATHS = (
					"$(inherited)",
					"@executable_path/../Frameworks",
				);
				MARKETING_VERSION = 1.0;
				PRODUCT_BUNDLE_IDENTIFIER = "org.pockerdarwin.LLVM-Bundle";
				PRODUCT_NAME = "$(TARGET_NAME)";
				SWIFT_EMIT_LOC_STRINGS = YES;
			};
			name = Release;
		};
		2A1CC6B92F3E7AEC0091FA4D /* Debug */ = {
			isa = XCBuildConfiguration;
			buildSettings = {
				BUNDLE_LOADER = "$(TEST_HOST)";
				CODE_SIGN_STYLE = Automatic;
				CURRENT_PROJECT_VERSION = 1;
				GENERATE_INFOPLIST_FILE = YES;
				MACOSX_DEPLOYMENT_TARGET = 14.8;
				MARKETING_VERSION = 1.0;
				PRODUCT_BUNDLE_IDENTIFIER = "org.pockerdarwin.LLVM-BundleTests";
				PRODUCT_NAME = "$(TARGET_NAME)";
				SWIFT_EMIT_LOC_STRINGS = NO;
				TEST_HOST = "$(BUILT_PRODUCTS_DIR)/LLVM Bundle.app/$(BUNDLE_EXECUTABLE_FOLDER_PATH)/LLVM Bundle";
			};
			name = Debug;
		};
		2A1CC6BA2F3E7AEC0091FA4D /* Release */ = {
			isa = XCBuildConfiguration;
			buildSettings = {
				BUNDLE_LOADER = "$(TEST_HOST)";
				CODE_SIGN_STYLE = Automatic;
				CURRENT_PROJECT_VERSION = 1;
				GENERATE_INFOPLIST_FILE = YES;
				MACOSX_DEPLOYMENT_TARGET = 14.8;
				MARKETING_VERSION = 1.0;
				PRODUCT_BUNDLE_IDENTIFIER = "org.pockerdarwin.LLVM-BundleTests";
				PRODUCT_NAME = "$(TARGET_NAME)";
				SWIFT_EMIT_LOC_STRINGS = NO;
				TEST_HOST = "$(BUILT_PRODUCTS_DIR)/LLVM Bundle.app/$(BUNDLE_EXECUTABLE_FOLDER_PATH)/LLVM Bundle";
			};
			name = Release;
		};
		2A1CC6BC2F3E7AEC0091FA4D /* Debug */ = {
			isa = XCBuildConfiguration;
			buildSettings = {
				CODE_SIGN_STYLE = Automatic;
				CURRENT_PROJECT_VERSION = 1;
				GENERATE_INFOPLIST_FILE = YES;
				MARKETING_VERSION = 1.0;
				PRODUCT_BUNDLE_IDENTIFIER = "org.pockerdarwin.LLVM-BundleUITests";
				PRODUCT_NAME = "$(TARGET_NAME)";
				SWIFT_EMIT_LOC_STRINGS = NO;
				TEST_TARGET_NAME = "LLVM Bundle";
			};
			name = Debug;
		};
		2A1CC6BD2F3E7AEC0091FA4D /* Release */ = {
			isa = XCBuildConfiguration;
			buildSettings = {
				CODE_SIGN_STYLE = Automatic;
				CURRENT_PROJECT_VERSION = 1;
				GENERATE_INFOPLIST_FILE = YES;
				MARKETING_VERSION = 1.0;
				PRODUCT_BUNDLE_IDENTIFIER = "org.pockerdarwin.LLVM-BundleUITests";
				PRODUCT_NAME = "$(TARGET_NAME)";
				SWIFT_EMIT_LOC_STRINGS = NO;
				TEST_TARGET_NAME = "LLVM Bundle";
			};
			name = Release;
		};
/* End XCBuildConfiguration section */

/* Begin XCConfigurationList section */
		2A1CC68A2F3E7AE30091FA4D /* Build configuration list for PBXProject "LLVM Bundle" */ = {
			isa = XCConfigurationList;
			buildConfigurations = (
				2A1CC6B32F3E7AEC0091FA4D /* Debug */,
				2A1CC6B42F3E7AEC0091FA4D /* Release */,
			);
			defaultConfigurationIsVisible = 0;
			defaultConfigurationName = Release;
		};
		2A1CC6B52F3E7AEC0091FA4D /* Build configuration list for PBXNativeTarget "LLVM Bundle" */ = {
			isa = XCConfigurationList;
			buildConfigurations = (
				2A1CC6B62F3E7AEC0091FA4D /* Debug */,
				2A1CC6B72F3E7AEC0091FA4D /* Release */,
			);
			defaultConfigurationIsVisible = 0;
			defaultConfigurationName = Release;
		};
		2A1CC6B82F3E7AEC0091FA4D /* Build configuration list for PBXNativeTarget "LLVM BundleTests" */ = {
			isa = XCConfigurationList;
			buildConfigurations = (
				2A1CC6B92F3E7AEC0091FA4D /* Debug */,
				2A1CC6BA2F3E7AEC0091FA4D /* Release */,
			);
			defaultConfigurationIsVisible = 0;
			defaultConfigurationName = Release;
		};
		2A1CC6BB2F3E7AEC0091FA4D /* Build configuration list for PBXNativeTarget "LLVM BundleUITests" */ = {
			isa = XCConfigurationList;
			buildConfigurations = (
				2A1CC6BC2F3E7AEC0091FA4D /* Debug */,
				2A1CC6BD2F3E7AEC0091FA4D /* Release */,
			);
			defaultConfigurationIsVisible = 0;
			defaultConfigurationName = Release;
		};
/* End XCConfigurationList section */
	};
	rootObject = 2A1CC6872F3E7AE30091FA4D /* Project object */;
}
